
Microsoft Visual Studio Solution File, Format Version 12.00
# Visual Studio 2012
VisualStudioVersion = 14.0.23107.0
MinimumVisualStudioVersion = 10.0.40219.1
Project("{FAE04EC0-301F-11D3-BF4B-00C04F79EFBC}") = "DrawerSamples.Core", "FacebookStyle\DrawerSamples.Core\DrawerSamples.Core.csproj", "{60993AA9-6C28-49EC-BB38-3CE5DC3F3510}"
EndProject
Project("{FAE04EC0-301F-11D3-BF4B-00C04F79EFBC}") = "DrawerSamples.Facebook.iOS", "FacebookStyle\DrawerSamples.Facebook.iOS\DrawerSamples.Facebook.iOS.csproj", "{D15183EE-050F-4940-91EC-3E657DA575CF}"
EndProject
Project("{FAE04EC0-301F-11D3-BF4B-00C04F79EFBC}") = "DrawerSamples.Facebook.WinRT", "FacebookStyle\DrawerSamples.Facebook.WinRT\DrawerSamples.Facebook.WinRT.csproj", "{1042F4A5-94DD-4015-B9A4-086FFA0FB5EA}"
EndProject
Project("{FAE04EC0-301F-11D3-BF4B-00C04F79EFBC}") = "DrawerSamples.Facebook.Android.Material", "FacebookStyle\DrawerSamples.Facebook.Android.Material\DrawerSamples.Facebook.Android.Material.csproj", "{76AB4D85-04CE-44DF-BA82-DC7A93F93978}"
EndProject
Global
	GlobalSection(SolutionConfigurationPlatforms) = preSolution
		Ad-Hoc|Any CPU = Ad-Hoc|Any CPU
		Ad-Hoc|ARM = Ad-Hoc|ARM
		Ad-Hoc|iPhone = Ad-Hoc|iPhone
		Ad-Hoc|iPhoneSimulator = Ad-Hoc|iPhoneSimulator
		Ad-Hoc|Mixed Platforms = Ad-Hoc|Mixed Platforms
		Ad-Hoc|x64 = Ad-Hoc|x64
		Ad-Hoc|x86 = Ad-Hoc|x86
		AppStore|Any CPU = AppStore|Any CPU
		AppStore|ARM = AppStore|ARM
		AppStore|iPhone = AppStore|iPhone
		AppStore|iPhoneSimulator = AppStore|iPhoneSimulator
		AppStore|Mixed Platforms = AppStore|Mixed Platforms
		AppStore|x64 = AppStore|x64
		AppStore|x86 = AppStore|x86
		Debug|Any CPU = Debug|Any CPU
		Debug|ARM = Debug|ARM
		Debug|iPhone = Debug|iPhone
		Debug|iPhoneSimulator = Debug|iPhoneSimulator
		Debug|Mixed Platforms = Debug|Mixed Platforms
		Debug|x64 = Debug|x64
		Debug|x86 = Debug|x86
		DebugInternal|Any CPU = DebugInternal|Any CPU
		DebugInternal|ARM = DebugInternal|ARM
		DebugInternal|iPhone = DebugInternal|iPhone
		DebugInternal|iPhoneSimulator = DebugInternal|iPhoneSimulator
		DebugInternal|Mixed Platforms = DebugInternal|Mixed Platforms
		DebugInternal|x64 = DebugInternal|x64
		DebugInternal|x86 = DebugInternal|x86
		Release|Any CPU = Release|Any CPU
		Release|ARM = Release|ARM
		Release|iPhone = Release|iPhone
		Release|iPhoneSimulator = Release|iPhoneSimulator
		Release|Mixed Platforms = Release|Mixed Platforms
		Release|x64 = Release|x64
		Release|x86 = Release|x86
	EndGlobalSection
	GlobalSection(ProjectConfigurationPlatforms) = postSolution
		{1042F4A5-94DD-4015-B9A4-086FFA0FB5EA}.Ad-Hoc|Any CPU.ActiveCfg = Release|Any CPU
		{1042F4A5-94DD-4015-B9A4-086FFA0FB5EA}.Ad-Hoc|Any CPU.Build.0 = Release|Any CPU
		{1042F4A5-94DD-4015-B9A4-086FFA0FB5EA}.Ad-Hoc|Any CPU.Deploy.0 = Release|Any CPU
		{1042F4A5-94DD-4015-B9A4-086FFA0FB5EA}.Ad-Hoc|ARM.ActiveCfg = Release|ARM
		{1042F4A5-94DD-4015-B9A4-086FFA0FB5EA}.Ad-Hoc|ARM.Build.0 = Release|ARM
		{1042F4A5-94DD-4015-B9A4-086FFA0FB5EA}.Ad-Hoc|ARM.Deploy.0 = Release|ARM
		{1042F4A5-94DD-4015-B9A4-086FFA0FB5EA}.Ad-Hoc|iPhone.ActiveCfg = Release|Any CPU
		{1042F4A5-94DD-4015-B9A4-086FFA0FB5EA}.Ad-Hoc|iPhoneSimulator.ActiveCfg = Release|Any CPU
		{1042F4A5-94DD-4015-B9A4-086FFA0FB5EA}.Ad-Hoc|Mixed Platforms.ActiveCfg = Release|x86
		{1042F4A5-94DD-4015-B9A4-086FFA0FB5EA}.Ad-Hoc|Mixed Platforms.Build.0 = Release|x86
		{1042F4A5-94DD-4015-B9A4-086FFA0FB5EA}.Ad-Hoc|Mixed Platforms.Deploy.0 = Release|x86
		{1042F4A5-94DD-4015-B9A4-086FFA0FB5EA}.Ad-Hoc|x64.ActiveCfg = Release|x64
		{1042F4A5-94DD-4015-B9A4-086FFA0FB5EA}.Ad-Hoc|x64.Build.0 = Release|x64
		{1042F4A5-94DD-4015-B9A4-086FFA0FB5EA}.Ad-Hoc|x64.Deploy.0 = Release|x64
		{1042F4A5-94DD-4015-B9A4-086FFA0FB5EA}.Ad-Hoc|x86.ActiveCfg = Release|x86
		{1042F4A5-94DD-4015-B9A4-086FFA0FB5EA}.Ad-Hoc|x86.Build.0 = Release|x86
		{1042F4A5-94DD-4015-B9A4-086FFA0FB5EA}.Ad-Hoc|x86.Deploy.0 = Release|x86
		{1042F4A5-94DD-4015-B9A4-086FFA0FB5EA}.AppStore|Any CPU.ActiveCfg = Release|Any CPU
		{1042F4A5-94DD-4015-B9A4-086FFA0FB5EA}.AppStore|Any CPU.Build.0 = Release|Any CPU
		{1042F4A5-94DD-4015-B9A4-086FFA0FB5EA}.AppStore|Any CPU.Deploy.0 = Release|Any CPU
		{1042F4A5-94DD-4015-B9A4-086FFA0FB5EA}.AppStore|ARM.ActiveCfg = Release|ARM
		{1042F4A5-94DD-4015-B9A4-086FFA0FB5EA}.AppStore|ARM.Build.0 = Release|ARM
		{1042F4A5-94DD-4015-B9A4-086FFA0FB5EA}.AppStore|ARM.Deploy.0 = Release|ARM
		{1042F4A5-94DD-4015-B9A4-086FFA0FB5EA}.AppStore|iPhone.ActiveCfg = Release|Any CPU
		{1042F4A5-94DD-4015-B9A4-086FFA0FB5EA}.AppStore|iPhoneSimulator.ActiveCfg = Release|Any CPU
		{1042F4A5-94DD-4015-B9A4-086FFA0FB5EA}.AppStore|Mixed Platforms.ActiveCfg = Release|x86
		{1042F4A5-94DD-4015-B9A4-086FFA0FB5EA}.AppStore|Mixed Platforms.Build.0 = Release|x86
		{1042F4A5-94DD-4015-B9A4-086FFA0FB5EA}.AppStore|Mixed Platforms.Deploy.0 = Release|x86
		{1042F4A5-94DD-4015-B9A4-086FFA0FB5EA}.AppStore|x64.ActiveCfg = Release|x64
		{1042F4A5-94DD-4015-B9A4-086FFA0FB5EA}.AppStore|x64.Build.0 = Release|x64
		{1042F4A5-94DD-4015-B9A4-086FFA0FB5EA}.AppStore|x64.Deploy.0 = Release|x64
		{1042F4A5-94DD-4015-B9A4-086FFA0FB5EA}.AppStore|x86.ActiveCfg = Release|x86
		{1042F4A5-94DD-4015-B9A4-086FFA0FB5EA}.AppStore|x86.Build.0 = Release|x86
		{1042F4A5-94DD-4015-B9A4-086FFA0FB5EA}.AppStore|x86.Deploy.0 = Release|x86
		{1042F4A5-94DD-4015-B9A4-086FFA0FB5EA}.Debug|Any CPU.ActiveCfg = Debug|Any CPU
		{1042F4A5-94DD-4015-B9A4-086FFA0FB5EA}.Debug|Any CPU.Build.0 = Debug|Any CPU
		{1042F4A5-94DD-4015-B9A4-086FFA0FB5EA}.Debug|Any CPU.Deploy.0 = Debug|Any CPU
		{1042F4A5-94DD-4015-B9A4-086FFA0FB5EA}.Debug|ARM.ActiveCfg = Debug|ARM
		{1042F4A5-94DD-4015-B9A4-086FFA0FB5EA}.Debug|ARM.Build.0 = Debug|ARM
		{1042F4A5-94DD-4015-B9A4-086FFA0FB5EA}.Debug|ARM.Deploy.0 = Debug|ARM
		{1042F4A5-94DD-4015-B9A4-086FFA0FB5EA}.Debug|iPhone.ActiveCfg = Debug|Any CPU
		{1042F4A5-94DD-4015-B9A4-086FFA0FB5EA}.Debug|iPhoneSimulator.ActiveCfg = Debug|Any CPU
		{1042F4A5-94DD-4015-B9A4-086FFA0FB5EA}.Debug|Mixed Platforms.ActiveCfg = Debug|x86
		{1042F4A5-94DD-4015-B9A4-086FFA0FB5EA}.Debug|Mixed Platforms.Build.0 = Debug|x86
		{1042F4A5-94DD-4015-B9A4-086FFA0FB5EA}.Debug|Mixed Platforms.Deploy.0 = Debug|x86
		{1042F4A5-94DD-4015-B9A4-086FFA0FB5EA}.Debug|x64.ActiveCfg = Debug|x64
		{1042F4A5-94DD-4015-B9A4-086FFA0FB5EA}.Debug|x64.Build.0 = Debug|x64
		{1042F4A5-94DD-4015-B9A4-086FFA0FB5EA}.Debug|x64.Deploy.0 = Debug|x64
		{1042F4A5-94DD-4015-B9A4-086FFA0FB5EA}.Debug|x86.ActiveCfg = Debug|x86
		{1042F4A5-94DD-4015-B9A4-086FFA0FB5EA}.Debug|x86.Build.0 = Debug|x86
		{1042F4A5-94DD-4015-B9A4-086FFA0FB5EA}.Debug|x86.Deploy.0 = Debug|x86
		{1042F4A5-94DD-4015-B9A4-086FFA0FB5EA}.DebugInternal|Any CPU.ActiveCfg = Debug|Any CPU
		{1042F4A5-94DD-4015-B9A4-086FFA0FB5EA}.DebugInternal|ARM.ActiveCfg = Debug|ARM
		{1042F4A5-94DD-4015-B9A4-086FFA0FB5EA}.DebugInternal|iPhone.ActiveCfg = Debug|Any CPU
		{1042F4A5-94DD-4015-B9A4-086FFA0FB5EA}.DebugInternal|iPhoneSimulator.ActiveCfg = Debug|Any CPU
		{1042F4A5-94DD-4015-B9A4-086FFA0FB5EA}.DebugInternal|Mixed Platforms.ActiveCfg = Debug|x86
		{1042F4A5-94DD-4015-B9A4-086FFA0FB5EA}.DebugInternal|x64.ActiveCfg = Debug|x64
		{1042F4A5-94DD-4015-B9A4-086FFA0FB5EA}.DebugInternal|x86.ActiveCfg = Debug|x86
		{1042F4A5-94DD-4015-B9A4-086FFA0FB5EA}.Release|Any CPU.ActiveCfg = Release|Any CPU
		{1042F4A5-94DD-4015-B9A4-086FFA0FB5EA}.Release|Any CPU.Build.0 = Release|Any CPU
		{1042F4A5-94DD-4015-B9A4-086FFA0FB5EA}.Release|Any CPU.Deploy.0 = Release|Any CPU
		{1042F4A5-94DD-4015-B9A4-086FFA0FB5EA}.Release|ARM.ActiveCfg = Release|ARM
		{1042F4A5-94DD-4015-B9A4-086FFA0FB5EA}.Release|ARM.Build.0 = Release|ARM
		{1042F4A5-94DD-4015-B9A4-086FFA0FB5EA}.Release|ARM.Deploy.0 = Release|ARM
		{1042F4A5-94DD-4015-B9A4-086FFA0FB5EA}.Release|iPhone.ActiveCfg = Release|Any CPU
		{1042F4A5-94DD-4015-B9A4-086FFA0FB5EA}.Release|iPhoneSimulator.ActiveCfg = Release|Any CPU
		{1042F4A5-94DD-4015-B9A4-086FFA0FB5EA}.Release|Mixed Platforms.ActiveCfg = Release|x86
		{1042F4A5-94DD-4015-B9A4-086FFA0FB5EA}.Release|Mixed Platforms.Build.0 = Release|x86
		{1042F4A5-94DD-4015-B9A4-086FFA0FB5EA}.Release|Mixed Platforms.Deploy.0 = Release|x86
		{1042F4A5-94DD-4015-B9A4-086FFA0FB5EA}.Release|x64.ActiveCfg = Release|x64
		{1042F4A5-94DD-4015-B9A4-086FFA0FB5EA}.Release|x64.Build.0 = Release|x64
		{1042F4A5-94DD-4015-B9A4-086FFA0FB5EA}.Release|x64.Deploy.0 = Release|x64
		{1042F4A5-94DD-4015-B9A4-086FFA0FB5EA}.Release|x86.ActiveCfg = Release|x86
		{1042F4A5-94DD-4015-B9A4-086FFA0FB5EA}.Release|x86.Build.0 = Release|x86
		{1042F4A5-94DD-4015-B9A4-086FFA0FB5EA}.Release|x86.Deploy.0 = Release|x86
		{60993AA9-6C28-49EC-BB38-3CE5DC3F3510}.Ad-Hoc|Any CPU.ActiveCfg = Release|Any CPU
		{60993AA9-6C28-49EC-BB38-3CE5DC3F3510}.Ad-Hoc|Any CPU.Build.0 = Release|Any CPU
		{60993AA9-6C28-49EC-BB38-3CE5DC3F3510}.Ad-Hoc|ARM.ActiveCfg = Debug|Any CPU
		{60993AA9-6C28-49EC-BB38-3CE5DC3F3510}.Ad-Hoc|iPhone.ActiveCfg = Release|Any CPU
		{60993AA9-6C28-49EC-BB38-3CE5DC3F3510}.Ad-Hoc|iPhone.Build.0 = Release|Any CPU
		{60993AA9-6C28-49EC-BB38-3CE5DC3F3510}.Ad-Hoc|iPhoneSimulator.ActiveCfg = Release|Any CPU
		{60993AA9-6C28-49EC-BB38-3CE5DC3F3510}.Ad-Hoc|iPhoneSimulator.Build.0 = Release|Any CPU
		{60993AA9-6C28-49EC-BB38-3CE5DC3F3510}.Ad-Hoc|Mixed Platforms.ActiveCfg = Release|Any CPU
		{60993AA9-6C28-49EC-BB38-3CE5DC3F3510}.Ad-Hoc|Mixed Platforms.Build.0 = Release|Any CPU
		{60993AA9-6C28-49EC-BB38-3CE5DC3F3510}.Ad-Hoc|x64.ActiveCfg = Debug|Any CPU
		{60993AA9-6C28-49EC-BB38-3CE5DC3F3510}.Ad-Hoc|x86.ActiveCfg = Debug|Any CPU
		{60993AA9-6C28-49EC-BB38-3CE5DC3F3510}.AppStore|Any CPU.ActiveCfg = Release|Any CPU
		{60993AA9-6C28-49EC-BB38-3CE5DC3F3510}.AppStore|Any CPU.Build.0 = Release|Any CPU
		{60993AA9-6C28-49EC-BB38-3CE5DC3F3510}.AppStore|ARM.ActiveCfg = Debug|Any CPU
		{60993AA9-6C28-49EC-BB38-3CE5DC3F3510}.AppStore|iPhone.ActiveCfg = Release|Any CPU
		{60993AA9-6C28-49EC-BB38-3CE5DC3F3510}.AppStore|iPhone.Build.0 = Release|Any CPU
		{60993AA9-6C28-49EC-BB38-3CE5DC3F3510}.AppStore|iPhoneSimulator.ActiveCfg = Release|Any CPU
		{60993AA9-6C28-49EC-BB38-3CE5DC3F3510}.AppStore|iPhoneSimulator.Build.0 = Release|Any CPU
		{60993AA9-6C28-49EC-BB38-3CE5DC3F3510}.AppStore|Mixed Platforms.ActiveCfg = Release|Any CPU
		{60993AA9-6C28-49EC-BB38-3CE5DC3F3510}.AppStore|Mixed Platforms.Build.0 = Release|Any CPU
		{60993AA9-6C28-49EC-BB38-3CE5DC3F3510}.AppStore|x64.ActiveCfg = Debug|Any CPU
		{60993AA9-6C28-49EC-BB38-3CE5DC3F3510}.AppStore|x86.ActiveCfg = Debug|Any CPU
		{60993AA9-6C28-49EC-BB38-3CE5DC3F3510}.Debug|Any CPU.ActiveCfg = Debug|Any CPU
		{60993AA9-6C28-49EC-BB38-3CE5DC3F3510}.Debug|Any CPU.Build.0 = Debug|Any CPU
		{60993AA9-6C28-49EC-BB38-3CE5DC3F3510}.Debug|ARM.ActiveCfg = Debug|Any CPU
		{60993AA9-6C28-49EC-BB38-3CE5DC3F3510}.Debug|iPhone.ActiveCfg = Debug|Any CPU
		{60993AA9-6C28-49EC-BB38-3CE5DC3F3510}.Debug|iPhone.Build.0 = Debug|Any CPU
		{60993AA9-6C28-49EC-BB38-3CE5DC3F3510}.Debug|iPhoneSimulator.ActiveCfg = Debug|Any CPU
		{60993AA9-6C28-49EC-BB38-3CE5DC3F3510}.Debug|iPhoneSimulator.Build.0 = Debug|Any CPU
		{60993AA9-6C28-49EC-BB38-3CE5DC3F3510}.Debug|Mixed Platforms.ActiveCfg = Debug|Any CPU
		{60993AA9-6C28-49EC-BB38-3CE5DC3F3510}.Debug|Mixed Platforms.Build.0 = Debug|Any CPU
		{60993AA9-6C28-49EC-BB38-3CE5DC3F3510}.Debug|x64.ActiveCfg = Debug|Any CPU
		{60993AA9-6C28-49EC-BB38-3CE5DC3F3510}.Debug|x86.ActiveCfg = Debug|Any CPU
		{60993AA9-6C28-49EC-BB38-3CE5DC3F3510}.DebugInternal|Any CPU.ActiveCfg = Debug|Any CPU
		{60993AA9-6C28-49EC-BB38-3CE5DC3F3510}.DebugInternal|Any CPU.Build.0 = Debug|Any CPU
		{60993AA9-6C28-49EC-BB38-3CE5DC3F3510}.DebugInternal|ARM.ActiveCfg = Debug|Any CPU
		{60993AA9-6C28-49EC-BB38-3CE5DC3F3510}.DebugInternal|ARM.Build.0 = Debug|Any CPU
		{60993AA9-6C28-49EC-BB38-3CE5DC3F3510}.DebugInternal|iPhone.ActiveCfg = Debug|Any CPU
		{60993AA9-6C28-49EC-BB38-3CE5DC3F3510}.DebugInternal|iPhone.Build.0 = Debug|Any CPU
		{60993AA9-6C28-49EC-BB38-3CE5DC3F3510}.DebugInternal|iPhoneSimulator.ActiveCfg = Debug|Any CPU
		{60993AA9-6C28-49EC-BB38-3CE5DC3F3510}.DebugInternal|iPhoneSimulator.Build.0 = Debug|Any CPU
		{60993AA9-6C28-49EC-BB38-3CE5DC3F3510}.DebugInternal|Mixed Platforms.ActiveCfg = Debug|Any CPU
		{60993AA9-6C28-49EC-BB38-3CE5DC3F3510}.DebugInternal|Mixed Platforms.Build.0 = Debug|Any CPU
		{60993AA9-6C28-49EC-BB38-3CE5DC3F3510}.DebugInternal|x64.ActiveCfg = Debug|Any CPU
		{60993AA9-6C28-49EC-BB38-3CE5DC3F3510}.DebugInternal|x64.Build.0 = Debug|Any CPU
		{60993AA9-6C28-49EC-BB38-3CE5DC3F3510}.DebugInternal|x86.ActiveCfg = Debug|Any CPU
		{60993AA9-6C28-49EC-BB38-3CE5DC3F3510}.DebugInternal|x86.Build.0 = Debug|Any CPU
		{60993AA9-6C28-49EC-BB38-3CE5DC3F3510}.Release|Any CPU.ActiveCfg = Release|Any CPU
		{60993AA9-6C28-49EC-BB38-3CE5DC3F3510}.Release|Any CPU.Build.0 = Release|Any CPU
		{60993AA9-6C28-49EC-BB38-3CE5DC3F3510}.Release|ARM.ActiveCfg = Release|Any CPU
		{60993AA9-6C28-49EC-BB38-3CE5DC3F3510}.Release|iPhone.ActiveCfg = Release|Any CPU
		{60993AA9-6C28-49EC-BB38-3CE5DC3F3510}.Release|iPhone.Build.0 = Release|Any CPU
		{60993AA9-6C28-49EC-BB38-3CE5DC3F3510}.Release|iPhoneSimulator.ActiveCfg = Release|Any CPU
		{60993AA9-6C28-49EC-BB38-3CE5DC3F3510}.Release|iPhoneSimulator.Build.0 = Release|Any CPU
		{60993AA9-6C28-49EC-BB38-3CE5DC3F3510}.Release|Mixed Platforms.ActiveCfg = Release|Any CPU
		{60993AA9-6C28-49EC-BB38-3CE5DC3F3510}.Release|Mixed Platforms.Build.0 = Release|Any CPU
		{60993AA9-6C28-49EC-BB38-3CE5DC3F3510}.Release|x64.ActiveCfg = Release|Any CPU
		{60993AA9-6C28-49EC-BB38-3CE5DC3F3510}.Release|x86.ActiveCfg = Release|Any CPU
		{76AB4D85-04CE-44DF-BA82-DC7A93F93978}.Ad-Hoc|Any CPU.ActiveCfg = Release|Any CPU
		{76AB4D85-04CE-44DF-BA82-DC7A93F93978}.Ad-Hoc|Any CPU.Build.0 = Release|Any CPU
		{76AB4D85-04CE-44DF-BA82-DC7A93F93978}.Ad-Hoc|Any CPU.Deploy.0 = Release|Any CPU
		{76AB4D85-04CE-44DF-BA82-DC7A93F93978}.Ad-Hoc|ARM.ActiveCfg = Release|Any CPU
		{76AB4D85-04CE-44DF-BA82-DC7A93F93978}.Ad-Hoc|ARM.Build.0 = Release|Any CPU
		{76AB4D85-04CE-44DF-BA82-DC7A93F93978}.Ad-Hoc|ARM.Deploy.0 = Release|Any CPU
		{76AB4D85-04CE-44DF-BA82-DC7A93F93978}.Ad-Hoc|iPhone.ActiveCfg = Release|Any CPU
		{76AB4D85-04CE-44DF-BA82-DC7A93F93978}.Ad-Hoc|iPhone.Build.0 = Release|Any CPU
		{76AB4D85-04CE-44DF-BA82-DC7A93F93978}.Ad-Hoc|iPhone.Deploy.0 = Release|Any CPU
		{76AB4D85-04CE-44DF-BA82-DC7A93F93978}.Ad-Hoc|iPhoneSimulator.ActiveCfg = Release|Any CPU
		{76AB4D85-04CE-44DF-BA82-DC7A93F93978}.Ad-Hoc|iPhoneSimulator.Build.0 = Release|Any CPU
		{76AB4D85-04CE-44DF-BA82-DC7A93F93978}.Ad-Hoc|iPhoneSimulator.Deploy.0 = Release|Any CPU
		{76AB4D85-04CE-44DF-BA82-DC7A93F93978}.Ad-Hoc|Mixed Platforms.ActiveCfg = Release|Any CPU
		{76AB4D85-04CE-44DF-BA82-DC7A93F93978}.Ad-Hoc|Mixed Platforms.Build.0 = Release|Any CPU
		{76AB4D85-04CE-44DF-BA82-DC7A93F93978}.Ad-Hoc|Mixed Platforms.Deploy.0 = Release|Any CPU
		{76AB4D85-04CE-44DF-BA82-DC7A93F93978}.Ad-Hoc|x64.ActiveCfg = Release|Any CPU
		{76AB4D85-04CE-44DF-BA82-DC7A93F93978}.Ad-Hoc|x64.Build.0 = Release|Any CPU
		{76AB4D85-04CE-44DF-BA82-DC7A93F93978}.Ad-Hoc|x64.Deploy.0 = Release|Any CPU
		{76AB4D85-04CE-44DF-BA82-DC7A93F93978}.Ad-Hoc|x86.ActiveCfg = Release|Any CPU
		{76AB4D85-04CE-44DF-BA82-DC7A93F93978}.Ad-Hoc|x86.Build.0 = Release|Any CPU
		{76AB4D85-04CE-44DF-BA82-DC7A93F93978}.Ad-Hoc|x86.Deploy.0 = Release|Any CPU
		{76AB4D85-04CE-44DF-BA82-DC7A93F93978}.AppStore|Any CPU.ActiveCfg = Release|Any CPU
		{76AB4D85-04CE-44DF-BA82-DC7A93F93978}.AppStore|Any CPU.Build.0 = Release|Any CPU
		{76AB4D85-04CE-44DF-BA82-DC7A93F93978}.AppStore|Any CPU.Deploy.0 = Release|Any CPU
		{76AB4D85-04CE-44DF-BA82-DC7A93F93978}.AppStore|ARM.ActiveCfg = Release|Any CPU
		{76AB4D85-04CE-44DF-BA82-DC7A93F93978}.AppStore|ARM.Build.0 = Release|Any CPU
		{76AB4D85-04CE-44DF-BA82-DC7A93F93978}.AppStore|ARM.Deploy.0 = Release|Any CPU
		{76AB4D85-04CE-44DF-BA82-DC7A93F93978}.AppStore|iPhone.ActiveCfg = Release|Any CPU
		{76AB4D85-04CE-44DF-BA82-DC7A93F93978}.AppStore|iPhone.Build.0 = Release|Any CPU
		{76AB4D85-04CE-44DF-BA82-DC7A93F93978}.AppStore|iPhone.Deploy.0 = Release|Any CPU
		{76AB4D85-04CE-44DF-BA82-DC7A93F93978}.AppStore|iPhoneSimulator.ActiveCfg = Release|Any CPU
		{76AB4D85-04CE-44DF-BA82-DC7A93F93978}.AppStore|iPhoneSimulator.Build.0 = Release|Any CPU
		{76AB4D85-04CE-44DF-BA82-DC7A93F93978}.AppStore|iPhoneSimulator.Deploy.0 = Release|Any CPU
		{76AB4D85-04CE-44DF-BA82-DC7A93F93978}.AppStore|Mixed Platforms.ActiveCfg = Release|Any CPU
		{76AB4D85-04CE-44DF-BA82-DC7A93F93978}.AppStore|Mixed Platforms.Build.0 = Release|Any CPU
		{76AB4D85-04CE-44DF-BA82-DC7A93F93978}.AppStore|Mixed Platforms.Deploy.0 = Release|Any CPU
		{76AB4D85-04CE-44DF-BA82-DC7A93F93978}.AppStore|x64.ActiveCfg = Release|Any CPU
		{76AB4D85-04CE-44DF-BA82-DC7A93F93978}.AppStore|x64.Build.0 = Release|Any CPU
		{76AB4D85-04CE-44DF-BA82-DC7A93F93978}.AppStore|x64.Deploy.0 = Release|Any CPU
		{76AB4D85-04CE-44DF-BA82-DC7A93F93978}.AppStore|x86.ActiveCfg = Release|Any CPU
		{76AB4D85-04CE-44DF-BA82-DC7A93F93978}.AppStore|x86.Build.0 = Release|Any CPU
		{76AB4D85-04CE-44DF-BA82-DC7A93F93978}.AppStore|x86.Deploy.0 = Release|Any CPU
		{76AB4D85-04CE-44DF-BA82-DC7A93F93978}.Debug|Any CPU.ActiveCfg = Debug|Any CPU
		{76AB4D85-04CE-44DF-BA82-DC7A93F93978}.Debug|Any CPU.Build.0 = Debug|Any CPU
		{76AB4D85-04CE-44DF-BA82-DC7A93F93978}.Debug|Any CPU.Deploy.0 = Debug|Any CPU
		{76AB4D85-04CE-44DF-BA82-DC7A93F93978}.Debug|ARM.ActiveCfg = Debug|Any CPU
		{76AB4D85-04CE-44DF-BA82-DC7A93F93978}.Debug|ARM.Build.0 = Debug|Any CPU
		{76AB4D85-04CE-44DF-BA82-DC7A93F93978}.Debug|ARM.Deploy.0 = Debug|Any CPU
		{76AB4D85-04CE-44DF-BA82-DC7A93F93978}.Debug|iPhone.ActiveCfg = Debug|Any CPU
		{76AB4D85-04CE-44DF-BA82-DC7A93F93978}.Debug|iPhone.Build.0 = Debug|Any CPU
		{76AB4D85-04CE-44DF-BA82-DC7A93F93978}.Debug|iPhone.Deploy.0 = Debug|Any CPU
		{76AB4D85-04CE-44DF-BA82-DC7A93F93978}.Debug|iPhoneSimulator.ActiveCfg = Debug|Any CPU
		{76AB4D85-04CE-44DF-BA82-DC7A93F93978}.Debug|iPhoneSimulator.Build.0 = Debug|Any CPU
		{76AB4D85-04CE-44DF-BA82-DC7A93F93978}.Debug|iPhoneSimulator.Deploy.0 = Debug|Any CPU
		{76AB4D85-04CE-44DF-BA82-DC7A93F93978}.Debug|Mixed Platforms.ActiveCfg = Debug|Any CPU
		{76AB4D85-04CE-44DF-BA82-DC7A93F93978}.Debug|Mixed Platforms.Build.0 = Debug|Any CPU
		{76AB4D85-04CE-44DF-BA82-DC7A93F93978}.Debug|Mixed Platforms.Deploy.0 = Debug|Any CPU
		{76AB4D85-04CE-44DF-BA82-DC7A93F93978}.Debug|x64.ActiveCfg = Debug|Any CPU
		{76AB4D85-04CE-44DF-BA82-DC7A93F93978}.Debug|x64.Build.0 = Debug|Any CPU
		{76AB4D85-04CE-44DF-BA82-DC7A93F93978}.Debug|x64.Deploy.0 = Debug|Any CPU
		{76AB4D85-04CE-44DF-BA82-DC7A93F93978}.Debug|x86.ActiveCfg = Debug|Any CPU
		{76AB4D85-04CE-44DF-BA82-DC7A93F93978}.Debug|x86.Build.0 = Debug|Any CPU
		{76AB4D85-04CE-44DF-BA82-DC7A93F93978}.Debug|x86.Deploy.0 = Debug|Any CPU
		{76AB4D85-04CE-44DF-BA82-DC7A93F93978}.DebugInternal|Any CPU.ActiveCfg = Debug|Any CPU
		{76AB4D85-04CE-44DF-BA82-DC7A93F93978}.DebugInternal|Any CPU.Build.0 = Debug|Any CPU
		{76AB4D85-04CE-44DF-BA82-DC7A93F93978}.DebugInternal|Any CPU.Deploy.0 = Debug|Any CPU
		{76AB4D85-04CE-44DF-BA82-DC7A93F93978}.DebugInternal|ARM.ActiveCfg = Debug|Any CPU
		{76AB4D85-04CE-44DF-BA82-DC7A93F93978}.DebugInternal|ARM.Build.0 = Debug|Any CPU
		{76AB4D85-04CE-44DF-BA82-DC7A93F93978}.DebugInternal|ARM.Deploy.0 = Debug|Any CPU
		{76AB4D85-04CE-44DF-BA82-DC7A93F93978}.DebugInternal|iPhone.ActiveCfg = Debug|Any CPU
		{76AB4D85-04CE-44DF-BA82-DC7A93F93978}.DebugInternal|iPhone.Build.0 = Debug|Any CPU
		{76AB4D85-04CE-44DF-BA82-DC7A93F93978}.DebugInternal|iPhone.Deploy.0 = Debug|Any CPU
		{76AB4D85-04CE-44DF-BA82-DC7A93F93978}.DebugInternal|iPhoneSimulator.ActiveCfg = Debug|Any CPU
		{76AB4D85-04CE-44DF-BA82-DC7A93F93978}.DebugInternal|iPhoneSimulator.Build.0 = Debug|Any CPU
		{76AB4D85-04CE-44DF-BA82-DC7A93F93978}.DebugInternal|iPhoneSimulator.Deploy.0 = Debug|Any CPU
		{76AB4D85-04CE-44DF-BA82-DC7A93F93978}.DebugInternal|Mixed Platforms.ActiveCfg = Debug|Any CPU
		{76AB4D85-04CE-44DF-BA82-DC7A93F93978}.DebugInternal|Mixed Platforms.Build.0 = Debug|Any CPU
		{76AB4D85-04CE-44DF-BA82-DC7A93F93978}.DebugInternal|Mixed Platforms.Deploy.0 = Debug|Any CPU
		{76AB4D85-04CE-44DF-BA82-DC7A93F93978}.DebugInternal|x64.ActiveCfg = Debug|Any CPU
		{76AB4D85-04CE-44DF-BA82-DC7A93F93978}.DebugInternal|x64.Build.0 = Debug|Any CPU
		{76AB4D85-04CE-44DF-BA82-DC7A93F93978}.DebugInternal|x64.Deploy.0 = Debug|Any CPU
		{76AB4D85-04CE-44DF-BA82-DC7A93F93978}.DebugInternal|x86.ActiveCfg = Debug|Any CPU
		{76AB4D85-04CE-44DF-BA82-DC7A93F93978}.DebugInternal|x86.Build.0 = Debug|Any CPU
		{76AB4D85-04CE-44DF-BA82-DC7A93F93978}.DebugInternal|x86.Deploy.0 = Debug|Any CPU
		{76AB4D85-04CE-44DF-BA82-DC7A93F93978}.Release|Any CPU.ActiveCfg = Release|Any CPU
		{76AB4D85-04CE-44DF-BA82-DC7A93F93978}.Release|Any CPU.Build.0 = Release|Any CPU
		{76AB4D85-04CE-44DF-BA82-DC7A93F93978}.Release|Any CPU.Deploy.0 = Release|Any CPU
		{76AB4D85-04CE-44DF-BA82-DC7A93F93978}.Release|ARM.ActiveCfg = Release|Any CPU
		{76AB4D85-04CE-44DF-BA82-DC7A93F93978}.Release|ARM.Build.0 = Release|Any CPU
		{76AB4D85-04CE-44DF-BA82-DC7A93F93978}.Release|ARM.Deploy.0 = Release|Any CPU
		{76AB4D85-04CE-44DF-BA82-DC7A93F93978}.Release|iPhone.ActiveCfg = Release|Any CPU
		{76AB4D85-04CE-44DF-BA82-DC7A93F93978}.Release|iPhone.Build.0 = Release|Any CPU
		{76AB4D85-04CE-44DF-BA82-DC7A93F93978}.Release|iPhone.Deploy.0 = Release|Any CPU
		{76AB4D85-04CE-44DF-BA82-DC7A93F93978}.Release|iPhoneSimulator.ActiveCfg = Release|Any CPU
		{76AB4D85-04CE-44DF-BA82-DC7A93F93978}.Release|iPhoneSimulator.Build.0 = Release|Any CPU
		{76AB4D85-04CE-44DF-BA82-DC7A93F93978}.Release|iPhoneSimulator.Deploy.0 = Release|Any CPU
		{76AB4D85-04CE-44DF-BA82-DC7A93F93978}.Release|Mixed Platforms.ActiveCfg = Release|Any CPU
		{76AB4D85-04CE-44DF-BA82-DC7A93F93978}.Release|Mixed Platforms.Build.0 = Release|Any CPU
		{76AB4D85-04CE-44DF-BA82-DC7A93F93978}.Release|Mixed Platforms.Deploy.0 = Release|Any CPU
		{76AB4D85-04CE-44DF-BA82-DC7A93F93978}.Release|x64.ActiveCfg = Release|Any CPU
		{76AB4D85-04CE-44DF-BA82-DC7A93F93978}.Release|x64.Build.0 = Release|Any CPU
		{76AB4D85-04CE-44DF-BA82-DC7A93F93978}.Release|x64.Deploy.0 = Release|Any CPU
		{76AB4D85-04CE-44DF-BA82-DC7A93F93978}.Release|x86.ActiveCfg = Release|Any CPU
		{76AB4D85-04CE-44DF-BA82-DC7A93F93978}.Release|x86.Build.0 = Release|Any CPU
		{76AB4D85-04CE-44DF-BA82-DC7A93F93978}.Release|x86.Deploy.0 = Release|Any CPU
		{D15183EE-050F-4940-91EC-3E657DA575CF}.Ad-Hoc|Any CPU.ActiveCfg = Ad-Hoc|iPhone
		{D15183EE-050F-4940-91EC-3E657DA575CF}.Ad-Hoc|Any CPU.Build.0 = Ad-Hoc|iPhone
		{D15183EE-050F-4940-91EC-3E657DA575CF}.Ad-Hoc|ARM.ActiveCfg = Ad-Hoc|iPhone
		{D15183EE-050F-4940-91EC-3E657DA575CF}.Ad-Hoc|iPhone.ActiveCfg = Ad-Hoc|iPhone
		{D15183EE-050F-4940-91EC-3E657DA575CF}.Ad-Hoc|iPhone.Build.0 = Ad-Hoc|iPhone
		{D15183EE-050F-4940-91EC-3E657DA575CF}.Ad-Hoc|iPhoneSimulator.ActiveCfg = Debug|iPhoneSimulator
		{D15183EE-050F-4940-91EC-3E657DA575CF}.Ad-Hoc|iPhoneSimulator.Build.0 = Debug|iPhoneSimulator
		{D15183EE-050F-4940-91EC-3E657DA575CF}.Ad-Hoc|Mixed Platforms.ActiveCfg = Ad-Hoc|iPhone
		{D15183EE-050F-4940-91EC-3E657DA575CF}.Ad-Hoc|Mixed Platforms.Build.0 = Ad-Hoc|iPhone
		{D15183EE-050F-4940-91EC-3E657DA575CF}.Ad-Hoc|x64.ActiveCfg = Ad-Hoc|iPhone
		{D15183EE-050F-4940-91EC-3E657DA575CF}.Ad-Hoc|x86.ActiveCfg = Ad-Hoc|iPhone
		{D15183EE-050F-4940-91EC-3E657DA575CF}.AppStore|Any CPU.ActiveCfg = AppStore|iPhone
		{D15183EE-050F-4940-91EC-3E657DA575CF}.AppStore|Any CPU.Build.0 = AppStore|iPhone
		{D15183EE-050F-4940-91EC-3E657DA575CF}.AppStore|ARM.ActiveCfg = AppStore|iPhone
		{D15183EE-050F-4940-91EC-3E657DA575CF}.AppStore|iPhone.ActiveCfg = AppStore|iPhone
		{D15183EE-050F-4940-91EC-3E657DA575CF}.AppStore|iPhone.Build.0 = AppStore|iPhone
		{D15183EE-050F-4940-91EC-3E657DA575CF}.AppStore|iPhoneSimulator.ActiveCfg = Debug|iPhoneSimulator
		{D15183EE-050F-4940-91EC-3E657DA575CF}.AppStore|iPhoneSimulator.Build.0 = Debug|iPhoneSimulator
		{D15183EE-050F-4940-91EC-3E657DA575CF}.AppStore|Mixed Platforms.ActiveCfg = AppStore|iPhone
		{D15183EE-050F-4940-91EC-3E657DA575CF}.AppStore|Mixed Platforms.Build.0 = AppStore|iPhone
		{D15183EE-050F-4940-91EC-3E657DA575CF}.AppStore|x64.ActiveCfg = AppStore|iPhone
		{D15183EE-050F-4940-91EC-3E657DA575CF}.AppStore|x86.ActiveCfg = AppStore|iPhone
		{D15183EE-050F-4940-91EC-3E657DA575CF}.Debug|Any CPU.ActiveCfg = Debug|iPhoneSimulator
		{D15183EE-050F-4940-91EC-3E657DA575CF}.Debug|Any CPU.Build.0 = Debug|iPhoneSimulator
		{D15183EE-050F-4940-91EC-3E657DA575CF}.Debug|ARM.ActiveCfg = Debug|iPhone
		{D15183EE-050F-4940-91EC-3E657DA575CF}.Debug|iPhone.ActiveCfg = Debug|iPhone
		{D15183EE-050F-4940-91EC-3E657DA575CF}.Debug|iPhone.Build.0 = Debug|iPhone
		{D15183EE-050F-4940-91EC-3E657DA575CF}.Debug|iPhoneSimulator.ActiveCfg = Debug|iPhoneSimulator
		{D15183EE-050F-4940-91EC-3E657DA575CF}.Debug|iPhoneSimulator.Build.0 = Debug|iPhoneSimulator
		{D15183EE-050F-4940-91EC-3E657DA575CF}.Debug|Mixed Platforms.ActiveCfg = Debug|iPhoneSimulator
		{D15183EE-050F-4940-91EC-3E657DA575CF}.Debug|Mixed Platforms.Build.0 = Debug|iPhoneSimulator
		{D15183EE-050F-4940-91EC-3E657DA575CF}.Debug|x64.ActiveCfg = Debug|iPhone
		{D15183EE-050F-4940-91EC-3E657DA575CF}.Debug|x86.ActiveCfg = Debug|iPhone
		{D15183EE-050F-4940-91EC-3E657DA575CF}.DebugInternal|Any CPU.ActiveCfg = AppStore|iPhoneSimulator
		{D15183EE-050F-4940-91EC-3E657DA575CF}.DebugInternal|Any CPU.Build.0 = AppStore|iPhoneSimulator
		{D15183EE-050F-4940-91EC-3E657DA575CF}.DebugInternal|ARM.ActiveCfg = AppStore|iPhoneSimulator
		{D15183EE-050F-4940-91EC-3E657DA575CF}.DebugInternal|ARM.Build.0 = AppStore|iPhoneSimulator
		{D15183EE-050F-4940-91EC-3E657DA575CF}.DebugInternal|iPhone.ActiveCfg = Debug|iPhone
		{D15183EE-050F-4940-91EC-3E657DA575CF}.DebugInternal|iPhone.Build.0 = Debug|iPhone
		{D15183EE-050F-4940-91EC-3E657DA575CF}.DebugInternal|iPhoneSimulator.ActiveCfg = Debug|iPhoneSimulator
		{D15183EE-050F-4940-91EC-3E657DA575CF}.DebugInternal|iPhoneSimulator.Build.0 = Debug|iPhoneSimulator
		{D15183EE-050F-4940-91EC-3E657DA575CF}.DebugInternal|Mixed Platforms.ActiveCfg = Debug|iPhone
		{D15183EE-050F-4940-91EC-3E657DA575CF}.DebugInternal|Mixed Platforms.Build.0 = Debug|iPhone
		{D15183EE-050F-4940-91EC-3E657DA575CF}.DebugInternal|x64.ActiveCfg = AppStore|iPhoneSimulator
		{D15183EE-050F-4940-91EC-3E657DA575CF}.DebugInternal|x64.Build.0 = AppStore|iPhoneSimulator
		{D15183EE-050F-4940-91EC-3E657DA575CF}.DebugInternal|x86.ActiveCfg = AppStore|iPhoneSimulator
		{D15183EE-050F-4940-91EC-3E657DA575CF}.DebugInternal|x86.Build.0 = AppStore|iPhoneSimulator
		{D15183EE-050F-4940-91EC-3E657DA575CF}.Release|Any CPU.ActiveCfg = Release|iPhoneSimulator
		{D15183EE-050F-4940-91EC-3E657DA575CF}.Release|Any CPU.Build.0 = Release|iPhoneSimulator
		{D15183EE-050F-4940-91EC-3E657DA575CF}.Release|ARM.ActiveCfg = Release|iPhone
		{D15183EE-050F-4940-91EC-3E657DA575CF}.Release|iPhone.ActiveCfg = Release|iPhone
		{D15183EE-050F-4940-91EC-3E657DA575CF}.Release|iPhone.Build.0 = Release|iPhone
		{D15183EE-050F-4940-91EC-3E657DA575CF}.Release|iPhoneSimulator.ActiveCfg = Release|iPhoneSimulator
		{D15183EE-050F-4940-91EC-3E657DA575CF}.Release|iPhoneSimulator.Build.0 = Release|iPhoneSimulator
		{D15183EE-050F-4940-91EC-3E657DA575CF}.Release|Mixed Platforms.ActiveCfg = Release|iPhoneSimulator
		{D15183EE-050F-4940-91EC-3E657DA575CF}.Release|Mixed Platforms.Build.0 = Release|iPhoneSimulator
		{D15183EE-050F-4940-91EC-3E657DA575CF}.Release|x64.ActiveCfg = Release|iPhone
		{D15183EE-050F-4940-91EC-3E657DA575CF}.Release|x86.ActiveCfg = Release|iPhone
	EndGlobalSection
	GlobalSection(MonoDevelopProperties) = preSolution
		StartupItem = FacebookStyle\DrawerSamples.Facebook.iOS\DrawerSamples.Facebook.iOS.csproj
	EndGlobalSection
	GlobalSection(SolutionProperties) = preSolution
		HideSolutionNode = FALSE
	EndGlobalSection
EndGlobal
